PODS:
  - AFNetworking (3.1.0):
    - AFNetworking/NSURLSession (= 3.1.0)
    - AFNetworking/Reachability (= 3.1.0)
    - AFNetworking/Security (= 3.1.0)
    - AFNetworking/Serialization (= 3.1.0)
    - AFNetworking/UIKit (= 3.1.0)
  - AFNetworking/NSURLSession (3.1.0):
    - AFNetworking/Reachability
    - AFNetworking/Security
    - AFNetworking/Serialization
  - AFNetworking/Reachability (3.1.0)
  - AFNetworking/Security (3.1.0)
  - AFNetworking/Serialization (3.1.0)
  - AFNetworking/UIKit (3.1.0):
    - AFNetworking/NSURLSession
  - BlueShift-iOS-SDK (0.0.1):
    - AFNetworking
  - IQKeyboardManager (3.2.1.1)
  - JSONModel (1.0.2)
  - MJPopupViewController (0.4)
  - SDWebImage (3.7.1):
    - SDWebImage/Core (= 3.7.1)
  - SDWebImage/Core (3.7.1)
  - SVProgressHUD (1.1.2)
  - ViewDeck (2.2.11)

DEPENDENCIES:
  - BlueShift-iOS-SDK (from `https://github.com/blueshift-labs/Blueshift-iOS-SDK`,
    branch `development`)
  - IQKeyboardManager
  - JSONModel
  - MJPopupViewController
  - SDWebImage
  - SVProgressHUD
  - ViewDeck (~> 2.2.11)

EXTERNAL SOURCES:
  BlueShift-iOS-SDK:
    :branch: development
    :git: https://github.com/blueshift-labs/Blueshift-iOS-SDK

CHECKOUT OPTIONS:
  BlueShift-iOS-SDK:
    :commit: 96208b2dec3d81e965175554758e41d2c2fdaad0
    :git: https://github.com/blueshift-labs/Blueshift-iOS-SDK

SPEC CHECKSUMS:
  AFNetworking: 5e0e199f73d8626b11e79750991f5d173d1f8b67
  BlueShift-iOS-SDK: fb6643a4f3a1ba21f0758605f35d49593aa5eefe
  IQKeyboardManager: 6aeae6a2014d66461c48f6753dd693e92eaf6524
  JSONModel: 6ffcb4ffa3659c9e9a2e5d45d6c7705bab187c03
  MJPopupViewController: e9ad553a3145eb8126ba2748e872ae7fb25cc605
  SDWebImage: ed3095af2ff88b436426037444979b917f6c5575
  SVProgressHUD: 3afb875b9eb23acd1bed9b82495695c68621a8b2
  ViewDeck: ce795f929d00d1e0fd63f61d79cc92a9ea050ec9

COCOAPODS: 0.39.0
