PODS:
  - IQKeyboardManager (3.3.7)
  - JSONModel (1.7.0)
  - MJPopupViewController (0.4)
  - SDWebImage (3.8.2):
    - SDWebImage/Core (= 3.8.2)
  - SDWebImage/Core (3.8.2)
  - SVProgressHUD (2.0.3)
  - ViewDeck (2.2.11)

DEPENDENCIES:
  - IQKeyboardManager
  - JSONModel
  - MJPopupViewController
  - SDWebImage
  - SVProgressHUD
  - ViewDeck (~> 2.2.11)

SPEC CHECKSUMS:
  IQKeyboardManager: 249c3946acf61345c18b038eb50863fe2793e3a8
  JSONModel: 840bc0fcffb24b8454d2c026bf26fea454b8e98d
  MJPopupViewController: e9ad553a3145eb8126ba2748e872ae7fb25cc605
  SDWebImage: 098e97e6176540799c27e804c96653ee0833d13c
  SVProgressHUD: b0830714205bea1317ea1a2ebc71e5633af334d4
  ViewDeck: ce795f929d00d1e0fd63f61d79cc92a9ea050ec9

COCOAPODS: 0.39.0
