PODS:
  - IQKeyboardManager (6.0.3)
  - JSONModel (1.7.0)
  - MJPopupViewController (0.4)
  - SDWebImage (4.3.3):
    - SDWebImage/Core (= 4.3.3)
  - SDWebImage/Core (4.3.3)
  - SVProgressHUD (2.2.5)
  - ViewDeck (2.2.11)

DEPENDENCIES:
  - IQKeyboardManager
  - JSONModel
  - MJPopupViewController
  - SDWebImage
  - SVProgressHUD
  - ViewDeck (~> 2.2.11)

SPEC REPOS:
  https://github.com/CocoaPods/Specs.git:
    - IQKeyboardManager
    - JSONModel
    - MJPopupViewController
    - SDWebImage
    - SVProgressHUD
    - ViewDeck

SPEC CHECKSUMS:
  IQKeyboardManager: c390e612f4b98c8fd748016470138537dc163ead
  JSONModel: 840bc0fcffb24b8454d2c026bf26fea454b8e98d
  MJPopupViewController: e9ad553a3145eb8126ba2748e872ae7fb25cc605
  SDWebImage: de4d90b5bff3571eae7bd16202b1f43135409fa5
  SVProgressHUD: 1428aafac632c1f86f62aa4243ec12008d7a51d6
  ViewDeck: ce795f929d00d1e0fd63f61d79cc92a9ea050ec9

PODFILE CHECKSUM: 662c4ec1846a0dad8b1ee63fc5969c5b20dffb46

COCOAPODS: 1.8.0
