// !$*UTF8*$!
{
	archiveVersion = 1;
	classes = {
	};
	objectVersion = 51;
	objects = {

/* Begin PBXBuildFile section */
		42A7A6508BD1B3C60A8C7091 /* Pods_NotificationService.framework in Frameworks */ = {isa = PBXBuildFile; fileRef = D56B5B278F9FF4881C5220D5 /* Pods_NotificationService.framework */; };
		913F9B92249264D10032CD4A /* com.blueshift.reads.red-GoogleService-Info.plist in Resources */ = {isa = PBXBuildFile; fileRef = 913F9B90249264D10032CD4A /* com.blueshift.reads.red-GoogleService-Info.plist */; };
		916AC4B924B4371000E13B82 /* BaseViewController.swift in Sources */ = {isa = PBXBuildFile; fileRef = 916AC4B824B4371000E13B82 /* BaseViewController.swift */; };
		91B4074B24C87870005B55D6 /* BlueshiftInAppNotificationEvents.swift in Sources */ = {isa = PBXBuildFile; fileRef = 91B4074A24C87870005B55D6 /* BlueshiftInAppNotificationEvents.swift */; };
		91B4074D24C879A0005B55D6 /* BlueshiftPushNotificationEvents.swift in Sources */ = {isa = PBXBuildFile; fileRef = 91B4074C24C879A0005B55D6 /* BlueshiftPushNotificationEvents.swift */; };
		91B4075024C99E8A005B55D6 /* GoogleService-Info.plist in Resources */ = {isa = PBXBuildFile; fileRef = 91B4074F24C99E8A005B55D6 /* GoogleService-Info.plist */; };
		91B4075224C9B6E2005B55D6 /* CartViewController.swift in Sources */ = {isa = PBXBuildFile; fileRef = 91B4075124C9B6E2005B55D6 /* CartViewController.swift */; };
		91F5C9BE25347598008C1C2A /* CartTableViewCell.swift in Sources */ = {isa = PBXBuildFile; fileRef = 91F5C9BD25347598008C1C2A /* CartTableViewCell.swift */; };
		91F5CA52253581FA008C1C2A /* DebugTableViewCell.swift in Sources */ = {isa = PBXBuildFile; fileRef = 91F5CA51253581FA008C1C2A /* DebugTableViewCell.swift */; };
		91F5CA5725358208008C1C2A /* DebugViewController.swift in Sources */ = {isa = PBXBuildFile; fileRef = 91F5CA5625358208008C1C2A /* DebugViewController.swift */; };
		91F5CA7B2535B118008C1C2A /* Settings.bundle in Resources */ = {isa = PBXBuildFile; fileRef = 91F5CA7A2535B118008C1C2A /* Settings.bundle */; };
		C338CFCE2475477300DBBD21 /* NotificationService.swift in Sources */ = {isa = PBXBuildFile; fileRef = C338CFCD2475477300DBBD21 /* NotificationService.swift */; };
		C338CFD22475477300DBBD21 /* NotificationService.appex in Embed App Extensions */ = {isa = PBXBuildFile; fileRef = C338CFCB2475477300DBBD21 /* NotificationService.appex */; settings = {ATTRIBUTES = (RemoveHeadersOnCopy, ); }; };
		C338CFDA24756AC300DBBD21 /* Utils.swift in Sources */ = {isa = PBXBuildFile; fileRef = C338CFD924756AC300DBBD21 /* Utils.swift */; };
		C338CFDC24756F8A00DBBD21 /* ProductTableViewCell.swift in Sources */ = {isa = PBXBuildFile; fileRef = C338CFDB24756F8A00DBBD21 /* ProductTableViewCell.swift */; };
		C338CFDE24756FA400DBBD21 /* ProductListViewController.swift in Sources */ = {isa = PBXBuildFile; fileRef = C338CFDD24756FA400DBBD21 /* ProductListViewController.swift */; };
		C338CFE024757D4F00DBBD21 /* ProductDetailViewController.swift in Sources */ = {isa = PBXBuildFile; fileRef = C338CFDF24757D4F00DBBD21 /* ProductDetailViewController.swift */; };
		C344A8BA2476CC730092650E /* UserNotifications.framework in Frameworks */ = {isa = PBXBuildFile; fileRef = C338CFB52475474100DBBD21 /* UserNotifications.framework */; };
		C344A8BB2476CC730092650E /* UserNotificationsUI.framework in Frameworks */ = {isa = PBXBuildFile; fileRef = C338CFB72475474100DBBD21 /* UserNotificationsUI.framework */; };
		C344A8BE2476CC730092650E /* NotificationViewController.swift in Sources */ = {isa = PBXBuildFile; fileRef = C344A8BD2476CC730092650E /* NotificationViewController.swift */; };
		C344A8C12476CC730092650E /* MainInterface.storyboard in Resources */ = {isa = PBXBuildFile; fileRef = C344A8BF2476CC730092650E /* MainInterface.storyboard */; };
		C344A8C52476CC730092650E /* NotificationContent.appex in Embed App Extensions */ = {isa = PBXBuildFile; fileRef = C344A8B92476CC730092650E /* NotificationContent.appex */; settings = {ATTRIBUTES = (RemoveHeadersOnCopy, ); }; };
		C38F1BB92472B6D800ACEBE1 /* AppDelegate.swift in Sources */ = {isa = PBXBuildFile; fileRef = C38F1BB82472B6D800ACEBE1 /* AppDelegate.swift */; };
		C38F1BBD2472B6D800ACEBE1 /* SignInViewController.swift in Sources */ = {isa = PBXBuildFile; fileRef = C38F1BBC2472B6D800ACEBE1 /* SignInViewController.swift */; };
		C38F1BC02472B6D800ACEBE1 /* Main.storyboard in Resources */ = {isa = PBXBuildFile; fileRef = C38F1BBE2472B6D800ACEBE1 /* Main.storyboard */; };
		C38F1BC22472B6D900ACEBE1 /* Assets.xcassets in Resources */ = {isa = PBXBuildFile; fileRef = C38F1BC12472B6D900ACEBE1 /* Assets.xcassets */; };
		C38F1BC52472B6D900ACEBE1 /* LaunchScreen.storyboard in Resources */ = {isa = PBXBuildFile; fileRef = C38F1BC32472B6D900ACEBE1 /* LaunchScreen.storyboard */; };
		E3B638BCCB6BCE8EEB56CF6B /* Pods_NotificationContent.framework in Frameworks */ = {isa = PBXBuildFile; fileRef = ABEF3BE9F7AD7EBF7E5A3D6A /* Pods_NotificationContent.framework */; };
		E5B4497EE608A1D16D96A067 /* Pods_ReadsSwift.framework in Frameworks */ = {isa = PBXBuildFile; fileRef = 388ED1EBC1D1ECBC98D77F72 /* Pods_ReadsSwift.framework */; };
/* End PBXBuildFile section */

/* Begin PBXContainerItemProxy section */
		C338CFD02475477300DBBD21 /* PBXContainerItemProxy */ = {
			isa = PBXContainerItemProxy;
			containerPortal = C38F1BAD2472B6D800ACEBE1 /* Project object */;
			proxyType = 1;
			remoteGlobalIDString = C338CFCA2475477300DBBD21;
			remoteInfo = NotificationService;
		};
		C344A8C32476CC730092650E /* PBXContainerItemProxy */ = {
			isa = PBXContainerItemProxy;
			containerPortal = C38F1BAD2472B6D800ACEBE1 /* Project object */;
			proxyType = 1;
			remoteGlobalIDString = C344A8B82476CC730092650E;
			remoteInfo = NotificationContent;
		};
/* End PBXContainerItemProxy section */

/* Begin PBXCopyFilesBuildPhase section */
		C338CFC62475474100DBBD21 /* Embed App Extensions */ = {
			isa = PBXCopyFilesBuildPhase;
			buildActionMask = 2147483647;
			dstPath = "";
			dstSubfolderSpec = 13;
			files = (
				C338CFD22475477300DBBD21 /* NotificationService.appex in Embed App Extensions */,
				C344A8C52476CC730092650E /* NotificationContent.appex in Embed App Extensions */,
			);
			name = "Embed App Extensions";
			runOnlyForDeploymentPostprocessing = 0;
		};
/* End PBXCopyFilesBuildPhase section */

/* Begin PBXFileReference section */
		1E8D3600511FFCBBCAC4262B /* Pods-ReadsSwift.debug.xcconfig */ = {isa = PBXFileReference; includeInIndex = 1; lastKnownFileType = text.xcconfig; name = "Pods-ReadsSwift.debug.xcconfig"; path = "Target Support Files/Pods-ReadsSwift/Pods-ReadsSwift.debug.xcconfig"; sourceTree = "<group>"; };
		388ED1EBC1D1ECBC98D77F72 /* Pods_ReadsSwift.framework */ = {isa = PBXFileReference; explicitFileType = wrapper.framework; includeInIndex = 0; path = Pods_ReadsSwift.framework; sourceTree = BUILT_PRODUCTS_DIR; };
		3AA798B281ED285EDC39B078 /* Pods-ReadsSwift.release.xcconfig */ = {isa = PBXFileReference; includeInIndex = 1; lastKnownFileType = text.xcconfig; name = "Pods-ReadsSwift.release.xcconfig"; path = "Target Support Files/Pods-ReadsSwift/Pods-ReadsSwift.release.xcconfig"; sourceTree = "<group>"; };
		7BEA12E0591AAFE890EDB898 /* Pods-NotificationContent.debug.xcconfig */ = {isa = PBXFileReference; includeInIndex = 1; lastKnownFileType = text.xcconfig; name = "Pods-NotificationContent.debug.xcconfig"; path = "Target Support Files/Pods-NotificationContent/Pods-NotificationContent.debug.xcconfig"; sourceTree = "<group>"; };
		913F9B90249264D10032CD4A /* com.blueshift.reads.red-GoogleService-Info.plist */ = {isa = PBXFileReference; fileEncoding = 4; lastKnownFileType = text.plist.xml; path = "com.blueshift.reads.red-GoogleService-Info.plist"; sourceTree = "<group>"; };
		916AC4B824B4371000E13B82 /* BaseViewController.swift */ = {isa = PBXFileReference; lastKnownFileType = sourcecode.swift; path = BaseViewController.swift; sourceTree = "<group>"; };
		91B4074A24C87870005B55D6 /* BlueshiftInAppNotificationEvents.swift */ = {isa = PBXFileReference; lastKnownFileType = sourcecode.swift; path = BlueshiftInAppNotificationEvents.swift; sourceTree = "<group>"; };
		91B4074C24C879A0005B55D6 /* BlueshiftPushNotificationEvents.swift */ = {isa = PBXFileReference; lastKnownFileType = sourcecode.swift; path = BlueshiftPushNotificationEvents.swift; sourceTree = "<group>"; };
		91B4074F24C99E8A005B55D6 /* GoogleService-Info.plist */ = {isa = PBXFileReference; fileEncoding = 4; lastKnownFileType = text.plist.xml; path = "GoogleService-Info.plist"; sourceTree = "<group>"; };
		91B4075124C9B6E2005B55D6 /* CartViewController.swift */ = {isa = PBXFileReference; lastKnownFileType = sourcecode.swift; path = CartViewController.swift; sourceTree = "<group>"; };
		91F3521624AC8C460051D404 /* NotificationContent.entitlements */ = {isa = PBXFileReference; fileEncoding = 4; lastKnownFileType = text.plist.entitlements; path = NotificationContent.entitlements; sourceTree = "<group>"; };
		91F5C9BD25347598008C1C2A /* CartTableViewCell.swift */ = {isa = PBXFileReference; lastKnownFileType = sourcecode.swift; path = CartTableViewCell.swift; sourceTree = "<group>"; };
		91F5CA51253581FA008C1C2A /* DebugTableViewCell.swift */ = {isa = PBXFileReference; lastKnownFileType = sourcecode.swift; path = DebugTableViewCell.swift; sourceTree = "<group>"; };
		91F5CA5625358208008C1C2A /* DebugViewController.swift */ = {isa = PBXFileReference; lastKnownFileType = sourcecode.swift; path = DebugViewController.swift; sourceTree = "<group>"; };
		91F5CA7A2535B118008C1C2A /* Settings.bundle */ = {isa = PBXFileReference; lastKnownFileType = "wrapper.plug-in"; path = Settings.bundle; sourceTree = "<group>"; };
		A66006DC2713EA7227E42F1B /* Pods-NotificationContent.red.xcconfig */ = {isa = PBXFileReference; includeInIndex = 1; lastKnownFileType = text.xcconfig; name = "Pods-NotificationContent.red.xcconfig"; path = "Target Support Files/Pods-NotificationContent/Pods-NotificationContent.red.xcconfig"; sourceTree = "<group>"; };
		ABEF3BE9F7AD7EBF7E5A3D6A /* Pods_NotificationContent.framework */ = {isa = PBXFileReference; explicitFileType = wrapper.framework; includeInIndex = 0; path = Pods_NotificationContent.framework; sourceTree = BUILT_PRODUCTS_DIR; };
		C1A844AC88E1F8641C0FA06A /* Pods-NotificationService.debug.xcconfig */ = {isa = PBXFileReference; includeInIndex = 1; lastKnownFileType = text.xcconfig; name = "Pods-NotificationService.debug.xcconfig"; path = "Target Support Files/Pods-NotificationService/Pods-NotificationService.debug.xcconfig"; sourceTree = "<group>"; };
		C338CFAF24752E8100DBBD21 /* ReadsSwift.entitlements */ = {isa = PBXFileReference; lastKnownFileType = text.plist.entitlements; path = ReadsSwift.entitlements; sourceTree = "<group>"; };
		C338CFB52475474100DBBD21 /* UserNotifications.framework */ = {isa = PBXFileReference; lastKnownFileType = wrapper.framework; name = UserNotifications.framework; path = System/Library/Frameworks/UserNotifications.framework; sourceTree = SDKROOT; };
		C338CFB72475474100DBBD21 /* UserNotificationsUI.framework */ = {isa = PBXFileReference; lastKnownFileType = wrapper.framework; name = UserNotificationsUI.framework; path = System/Library/Frameworks/UserNotificationsUI.framework; sourceTree = SDKROOT; };
		C338CFCB2475477300DBBD21 /* NotificationService.appex */ = {isa = PBXFileReference; explicitFileType = "wrapper.app-extension"; includeInIndex = 0; path = NotificationService.appex; sourceTree = BUILT_PRODUCTS_DIR; };
		C338CFCD2475477300DBBD21 /* NotificationService.swift */ = {isa = PBXFileReference; lastKnownFileType = sourcecode.swift; path = NotificationService.swift; sourceTree = "<group>"; };
		C338CFCF2475477300DBBD21 /* Info.plist */ = {isa = PBXFileReference; lastKnownFileType = text.plist.xml; path = Info.plist; sourceTree = "<group>"; };
		C338CFD62475478800DBBD21 /* NotificationService.entitlements */ = {isa = PBXFileReference; lastKnownFileType = text.plist.entitlements; path = NotificationService.entitlements; sourceTree = "<group>"; };
		C338CFD924756AC300DBBD21 /* Utils.swift */ = {isa = PBXFileReference; lastKnownFileType = sourcecode.swift; path = Utils.swift; sourceTree = "<group>"; };
		C338CFDB24756F8A00DBBD21 /* ProductTableViewCell.swift */ = {isa = PBXFileReference; lastKnownFileType = sourcecode.swift; path = ProductTableViewCell.swift; sourceTree = "<group>"; };
		C338CFDD24756FA400DBBD21 /* ProductListViewController.swift */ = {isa = PBXFileReference; lastKnownFileType = sourcecode.swift; path = ProductListViewController.swift; sourceTree = "<group>"; };
		C338CFDF24757D4F00DBBD21 /* ProductDetailViewController.swift */ = {isa = PBXFileReference; lastKnownFileType = sourcecode.swift; path = ProductDetailViewController.swift; sourceTree = "<group>"; };
		C344A8B92476CC730092650E /* NotificationContent.appex */ = {isa = PBXFileReference; explicitFileType = "wrapper.app-extension"; includeInIndex = 0; path = NotificationContent.appex; sourceTree = BUILT_PRODUCTS_DIR; };
		C344A8BD2476CC730092650E /* NotificationViewController.swift */ = {isa = PBXFileReference; lastKnownFileType = sourcecode.swift; path = NotificationViewController.swift; sourceTree = "<group>"; };
		C344A8C02476CC730092650E /* Base */ = {isa = PBXFileReference; lastKnownFileType = file.storyboard; name = Base; path = Base.lproj/MainInterface.storyboard; sourceTree = "<group>"; };
		C344A8C22476CC730092650E /* Info.plist */ = {isa = PBXFileReference; lastKnownFileType = text.plist.xml; path = Info.plist; sourceTree = "<group>"; };
		C38F1BB52472B6D800ACEBE1 /* Blueshift Reads.app */ = {isa = PBXFileReference; explicitFileType = wrapper.application; includeInIndex = 0; path = "Blueshift Reads.app"; sourceTree = BUILT_PRODUCTS_DIR; };
		C38F1BB82472B6D800ACEBE1 /* AppDelegate.swift */ = {isa = PBXFileReference; lastKnownFileType = sourcecode.swift; path = AppDelegate.swift; sourceTree = "<group>"; };
		C38F1BBC2472B6D800ACEBE1 /* SignInViewController.swift */ = {isa = PBXFileReference; lastKnownFileType = sourcecode.swift; path = SignInViewController.swift; sourceTree = "<group>"; };
		C38F1BBF2472B6D800ACEBE1 /* Base */ = {isa = PBXFileReference; lastKnownFileType = file.storyboard; name = Base; path = Base.lproj/Main.storyboard; sourceTree = "<group>"; };
		C38F1BC12472B6D900ACEBE1 /* Assets.xcassets */ = {isa = PBXFileReference; lastKnownFileType = folder.assetcatalog; path = Assets.xcassets; sourceTree = "<group>"; };
		C38F1BC42472B6D900ACEBE1 /* Base */ = {isa = PBXFileReference; lastKnownFileType = file.storyboard; name = Base; path = Base.lproj/LaunchScreen.storyboard; sourceTree = "<group>"; };
		C38F1BC62472B6D900ACEBE1 /* Info.plist */ = {isa = PBXFileReference; lastKnownFileType = text.plist.xml; path = Info.plist; sourceTree = "<group>"; };
		C9BE518B875F9A53A02EDA50 /* Pods-NotificationService.red.xcconfig */ = {isa = PBXFileReference; includeInIndex = 1; lastKnownFileType = text.xcconfig; name = "Pods-NotificationService.red.xcconfig"; path = "Target Support Files/Pods-NotificationService/Pods-NotificationService.red.xcconfig"; sourceTree = "<group>"; };
		CB0C6DC6F44C00D1620DCC7A /* Pods-NotificationService.release.xcconfig */ = {isa = PBXFileReference; includeInIndex = 1; lastKnownFileType = text.xcconfig; name = "Pods-NotificationService.release.xcconfig"; path = "Target Support Files/Pods-NotificationService/Pods-NotificationService.release.xcconfig"; sourceTree = "<group>"; };
		D56B5B278F9FF4881C5220D5 /* Pods_NotificationService.framework */ = {isa = PBXFileReference; explicitFileType = wrapper.framework; includeInIndex = 0; path = Pods_NotificationService.framework; sourceTree = BUILT_PRODUCTS_DIR; };
		DF6646B6B2678180D7B88AFD /* Pods-ReadsSwift.red.xcconfig */ = {isa = PBXFileReference; includeInIndex = 1; lastKnownFileType = text.xcconfig; name = "Pods-ReadsSwift.red.xcconfig"; path = "Target Support Files/Pods-ReadsSwift/Pods-ReadsSwift.red.xcconfig"; sourceTree = "<group>"; };
		FA55BD8878390D441BFB366F /* Pods-NotificationContent.release.xcconfig */ = {isa = PBXFileReference; includeInIndex = 1; lastKnownFileType = text.xcconfig; name = "Pods-NotificationContent.release.xcconfig"; path = "Target Support Files/Pods-NotificationContent/Pods-NotificationContent.release.xcconfig"; sourceTree = "<group>"; };
/* End PBXFileReference section */

/* Begin PBXFrameworksBuildPhase section */
		C338CFC82475477300DBBD21 /* Frameworks */ = {
			isa = PBXFrameworksBuildPhase;
			buildActionMask = 2147483647;
			files = (
				42A7A6508BD1B3C60A8C7091 /* Pods_NotificationService.framework in Frameworks */,
			);
			runOnlyForDeploymentPostprocessing = 0;
		};
		C344A8B62476CC730092650E /* Frameworks */ = {
			isa = PBXFrameworksBuildPhase;
			buildActionMask = 2147483647;
			files = (
				C344A8BB2476CC730092650E /* UserNotificationsUI.framework in Frameworks */,
				C344A8BA2476CC730092650E /* UserNotifications.framework in Frameworks */,
				E3B638BCCB6BCE8EEB56CF6B /* Pods_NotificationContent.framework in Frameworks */,
			);
			runOnlyForDeploymentPostprocessing = 0;
		};
		C38F1BB22472B6D800ACEBE1 /* Frameworks */ = {
			isa = PBXFrameworksBuildPhase;
			buildActionMask = 2147483647;
			files = (
				E5B4497EE608A1D16D96A067 /* Pods_ReadsSwift.framework in Frameworks */,
			);
			runOnlyForDeploymentPostprocessing = 0;
		};
/* End PBXFrameworksBuildPhase section */

/* Begin PBXGroup section */
		4D051839FEE5153F9B16422D /* Pods */ = {
			isa = PBXGroup;
			children = (
				7BEA12E0591AAFE890EDB898 /* Pods-NotificationContent.debug.xcconfig */,
				A66006DC2713EA7227E42F1B /* Pods-NotificationContent.red.xcconfig */,
				FA55BD8878390D441BFB366F /* Pods-NotificationContent.release.xcconfig */,
				C1A844AC88E1F8641C0FA06A /* Pods-NotificationService.debug.xcconfig */,
				C9BE518B875F9A53A02EDA50 /* Pods-NotificationService.red.xcconfig */,
				CB0C6DC6F44C00D1620DCC7A /* Pods-NotificationService.release.xcconfig */,
				1E8D3600511FFCBBCAC4262B /* Pods-ReadsSwift.debug.xcconfig */,
				DF6646B6B2678180D7B88AFD /* Pods-ReadsSwift.red.xcconfig */,
				3AA798B281ED285EDC39B078 /* Pods-ReadsSwift.release.xcconfig */,
			);
			path = Pods;
			sourceTree = "<group>";
		};
		91B4A06D254010F100D689D1 /* Resources */ = {
			isa = PBXGroup;
			children = (
				91B4074F24C99E8A005B55D6 /* GoogleService-Info.plist */,
				913F9B90249264D10032CD4A /* com.blueshift.reads.red-GoogleService-Info.plist */,
				C38F1BC12472B6D900ACEBE1 /* Assets.xcassets */,
				91F5CA7A2535B118008C1C2A /* Settings.bundle */,
			);
			name = Resources;
			sourceTree = "<group>";
		};
		AA92F5543A40F059C50E10C5 /* Frameworks */ = {
			isa = PBXGroup;
			children = (
				C338CFB52475474100DBBD21 /* UserNotifications.framework */,
				C338CFB72475474100DBBD21 /* UserNotificationsUI.framework */,
				ABEF3BE9F7AD7EBF7E5A3D6A /* Pods_NotificationContent.framework */,
				D56B5B278F9FF4881C5220D5 /* Pods_NotificationService.framework */,
				388ED1EBC1D1ECBC98D77F72 /* Pods_ReadsSwift.framework */,
			);
			name = Frameworks;
			sourceTree = "<group>";
		};
		C338CFCC2475477300DBBD21 /* NotificationService */ = {
			isa = PBXGroup;
			children = (
				C338CFD62475478800DBBD21 /* NotificationService.entitlements */,
				C338CFCD2475477300DBBD21 /* NotificationService.swift */,
				C338CFCF2475477300DBBD21 /* Info.plist */,
			);
			path = NotificationService;
			sourceTree = "<group>";
		};
		C344A8BC2476CC730092650E /* NotificationContent */ = {
			isa = PBXGroup;
			children = (
				91F3521624AC8C460051D404 /* NotificationContent.entitlements */,
				C344A8BD2476CC730092650E /* NotificationViewController.swift */,
				C344A8BF2476CC730092650E /* MainInterface.storyboard */,
				C344A8C22476CC730092650E /* Info.plist */,
			);
			path = NotificationContent;
			sourceTree = "<group>";
		};
		C38F1BAC2472B6D800ACEBE1 = {
			isa = PBXGroup;
			children = (
				C38F1BB72472B6D800ACEBE1 /* ReadsSwift */,
				C338CFCC2475477300DBBD21 /* NotificationService */,
				C344A8BC2476CC730092650E /* NotificationContent */,
				C38F1BB62472B6D800ACEBE1 /* Products */,
				4D051839FEE5153F9B16422D /* Pods */,
				AA92F5543A40F059C50E10C5 /* Frameworks */,
			);
			sourceTree = "<group>";
		};
		C38F1BB62472B6D800ACEBE1 /* Products */ = {
			isa = PBXGroup;
			children = (
				C38F1BB52472B6D800ACEBE1 /* Blueshift Reads.app */,
				C338CFCB2475477300DBBD21 /* NotificationService.appex */,
				C344A8B92476CC730092650E /* NotificationContent.appex */,
			);
			name = Products;
			sourceTree = "<group>";
		};
		C38F1BB72472B6D800ACEBE1 /* ReadsSwift */ = {
			isa = PBXGroup;
			children = (
				C338CFAF24752E8100DBBD21 /* ReadsSwift.entitlements */,
				C38F1BB82472B6D800ACEBE1 /* AppDelegate.swift */,
				916AC4B824B4371000E13B82 /* BaseViewController.swift */,
				91F5CA51253581FA008C1C2A /* DebugTableViewCell.swift */,
				91F5CA5625358208008C1C2A /* DebugViewController.swift */,
				C38F1BBC2472B6D800ACEBE1 /* SignInViewController.swift */,
				C338CFDD24756FA400DBBD21 /* ProductListViewController.swift */,
				C338CFDF24757D4F00DBBD21 /* ProductDetailViewController.swift */,
				91B4075124C9B6E2005B55D6 /* CartViewController.swift */,
				91F5C9BD25347598008C1C2A /* CartTableViewCell.swift */,
				C338CFDB24756F8A00DBBD21 /* ProductTableViewCell.swift */,
				91B4074A24C87870005B55D6 /* BlueshiftInAppNotificationEvents.swift */,
				91B4074C24C879A0005B55D6 /* BlueshiftPushNotificationEvents.swift */,
				C338CFD924756AC300DBBD21 /* Utils.swift */,
				C38F1BBE2472B6D800ACEBE1 /* Main.storyboard */,
				C38F1BC32472B6D900ACEBE1 /* LaunchScreen.storyboard */,
				C38F1BC62472B6D900ACEBE1 /* Info.plist */,
				91B4A06D254010F100D689D1 /* Resources */,
			);
			path = ReadsSwift;
			sourceTree = "<group>";
		};
/* End PBXGroup section */

/* Begin PBXNativeTarget section */
		C338CFCA2475477300DBBD21 /* NotificationService */ = {
			isa = PBXNativeTarget;
			buildConfigurationList = C338CFD32475477300DBBD21 /* Build configuration list for PBXNativeTarget "NotificationService" */;
			buildPhases = (
				6EFB351A9FD96ED19CF05BBE /* [CP] Check Pods Manifest.lock */,
				C338CFC72475477300DBBD21 /* Sources */,
				C338CFC82475477300DBBD21 /* Frameworks */,
				C338CFC92475477300DBBD21 /* Resources */,
			);
			buildRules = (
			);
			dependencies = (
			);
			name = NotificationService;
			productName = NotificationService;
			productReference = C338CFCB2475477300DBBD21 /* NotificationService.appex */;
			productType = "com.apple.product-type.app-extension";
		};
		C344A8B82476CC730092650E /* NotificationContent */ = {
			isa = PBXNativeTarget;
			buildConfigurationList = C344A8C62476CC730092650E /* Build configuration list for PBXNativeTarget "NotificationContent" */;
			buildPhases = (
				512BCB788D90BF4556E942F2 /* [CP] Check Pods Manifest.lock */,
				C344A8B52476CC730092650E /* Sources */,
				C344A8B62476CC730092650E /* Frameworks */,
				C344A8B72476CC730092650E /* Resources */,
			);
			buildRules = (
			);
			dependencies = (
			);
			name = NotificationContent;
			productName = NotificationContent;
			productReference = C344A8B92476CC730092650E /* NotificationContent.appex */;
			productType = "com.apple.product-type.app-extension";
		};
		C38F1BB42472B6D800ACEBE1 /* ReadsSwift */ = {
			isa = PBXNativeTarget;
			buildConfigurationList = C38F1BC92472B6D900ACEBE1 /* Build configuration list for PBXNativeTarget "ReadsSwift" */;
			buildPhases = (
				67FF1F2E78D57DB9C237007F /* [CP] Check Pods Manifest.lock */,
				C38F1BB12472B6D800ACEBE1 /* Sources */,
				C38F1BB22472B6D800ACEBE1 /* Frameworks */,
				C38F1BB32472B6D800ACEBE1 /* Resources */,
				C338CFC62475474100DBBD21 /* Embed App Extensions */,
				E9DB0C5A2454301B9AC3C5A6 /* [CP] Embed Pods Frameworks */,
			);
			buildRules = (
			);
			dependencies = (
				C338CFD12475477300DBBD21 /* PBXTargetDependency */,
				C344A8C42476CC730092650E /* PBXTargetDependency */,
			);
			name = ReadsSwift;
			productName = ReadsSwift;
			productReference = C38F1BB52472B6D800ACEBE1 /* Blueshift Reads.app */;
			productType = "com.apple.product-type.application";
		};
/* End PBXNativeTarget section */

/* Begin PBXProject section */
		C38F1BAD2472B6D800ACEBE1 /* Project object */ = {
			isa = PBXProject;
			attributes = {
				LastSwiftUpdateCheck = 1130;
				LastUpgradeCheck = 1130;
				TargetAttributes = {
					C338CFCA2475477300DBBD21 = {
						CreatedOnToolsVersion = 11.3;
					};
					C344A8B82476CC730092650E = {
						CreatedOnToolsVersion = 11.3;
					};
					C38F1BB42472B6D800ACEBE1 = {
						CreatedOnToolsVersion = 11.3;
					};
				};
			};
			buildConfigurationList = C38F1BB02472B6D800ACEBE1 /* Build configuration list for PBXProject "ReadsSwift" */;
			compatibilityVersion = "Xcode 9.3";
			developmentRegion = en;
			hasScannedForEncodings = 0;
			knownRegions = (
				en,
				Base,
			);
			mainGroup = C38F1BAC2472B6D800ACEBE1;
			productRefGroup = C38F1BB62472B6D800ACEBE1 /* Products */;
			projectDirPath = "";
			projectRoot = "";
			targets = (
				C38F1BB42472B6D800ACEBE1 /* ReadsSwift */,
				C338CFCA2475477300DBBD21 /* NotificationService */,
				C344A8B82476CC730092650E /* NotificationContent */,
			);
		};
/* End PBXProject section */

/* Begin PBXResourcesBuildPhase section */
		C338CFC92475477300DBBD21 /* Resources */ = {
			isa = PBXResourcesBuildPhase;
			buildActionMask = 2147483647;
			files = (
			);
			runOnlyForDeploymentPostprocessing = 0;
		};
		C344A8B72476CC730092650E /* Resources */ = {
			isa = PBXResourcesBuildPhase;
			buildActionMask = 2147483647;
			files = (
				C344A8C12476CC730092650E /* MainInterface.storyboard in Resources */,
			);
			runOnlyForDeploymentPostprocessing = 0;
		};
		C38F1BB32472B6D800ACEBE1 /* Resources */ = {
			isa = PBXResourcesBuildPhase;
			buildActionMask = 2147483647;
			files = (
				C38F1BC52472B6D900ACEBE1 /* LaunchScreen.storyboard in Resources */,
				C38F1BC22472B6D900ACEBE1 /* Assets.xcassets in Resources */,
				91B4075024C99E8A005B55D6 /* GoogleService-Info.plist in Resources */,
				913F9B92249264D10032CD4A /* com.blueshift.reads.red-GoogleService-Info.plist in Resources */,
				91F5CA7B2535B118008C1C2A /* Settings.bundle in Resources */,
				C38F1BC02472B6D800ACEBE1 /* Main.storyboard in Resources */,
			);
			runOnlyForDeploymentPostprocessing = 0;
		};
/* End PBXResourcesBuildPhase section */

/* Begin PBXShellScriptBuildPhase section */
		512BCB788D90BF4556E942F2 /* [CP] Check Pods Manifest.lock */ = {
			isa = PBXShellScriptBuildPhase;
			buildActionMask = 2147483647;
			files = (
			);
			inputFileListPaths = (
			);
			inputPaths = (
				"${PODS_PODFILE_DIR_PATH}/Podfile.lock",
				"${PODS_ROOT}/Manifest.lock",
			);
			name = "[CP] Check Pods Manifest.lock";
			outputFileListPaths = (
			);
			outputPaths = (
				"$(DERIVED_FILE_DIR)/Pods-NotificationContent-checkManifestLockResult.txt",
			);
			runOnlyForDeploymentPostprocessing = 0;
			shellPath = /bin/sh;
			shellScript = "diff \"${PODS_PODFILE_DIR_PATH}/Podfile.lock\" \"${PODS_ROOT}/Manifest.lock\" > /dev/null\nif [ $? != 0 ] ; then\n    # print error to STDERR\n    echo \"error: The sandbox is not in sync with the Podfile.lock. Run 'pod install' or update your CocoaPods installation.\" >&2\n    exit 1\nfi\n# This output is used by Xcode 'outputs' to avoid re-running this script phase.\necho \"SUCCESS\" > \"${SCRIPT_OUTPUT_FILE_0}\"\n";
			showEnvVarsInLog = 0;
		};
		67FF1F2E78D57DB9C237007F /* [CP] Check Pods Manifest.lock */ = {
			isa = PBXShellScriptBuildPhase;
			buildActionMask = 2147483647;
			files = (
			);
			inputFileListPaths = (
			);
			inputPaths = (
				"${PODS_PODFILE_DIR_PATH}/Podfile.lock",
				"${PODS_ROOT}/Manifest.lock",
			);
			name = "[CP] Check Pods Manifest.lock";
			outputFileListPaths = (
			);
			outputPaths = (
				"$(DERIVED_FILE_DIR)/Pods-ReadsSwift-checkManifestLockResult.txt",
			);
			runOnlyForDeploymentPostprocessing = 0;
			shellPath = /bin/sh;
			shellScript = "diff \"${PODS_PODFILE_DIR_PATH}/Podfile.lock\" \"${PODS_ROOT}/Manifest.lock\" > /dev/null\nif [ $? != 0 ] ; then\n    # print error to STDERR\n    echo \"error: The sandbox is not in sync with the Podfile.lock. Run 'pod install' or update your CocoaPods installation.\" >&2\n    exit 1\nfi\n# This output is used by Xcode 'outputs' to avoid re-running this script phase.\necho \"SUCCESS\" > \"${SCRIPT_OUTPUT_FILE_0}\"\n";
			showEnvVarsInLog = 0;
		};
		6EFB351A9FD96ED19CF05BBE /* [CP] Check Pods Manifest.lock */ = {
			isa = PBXShellScriptBuildPhase;
			buildActionMask = 2147483647;
			files = (
			);
			inputFileListPaths = (
			);
			inputPaths = (
				"${PODS_PODFILE_DIR_PATH}/Podfile.lock",
				"${PODS_ROOT}/Manifest.lock",
			);
			name = "[CP] Check Pods Manifest.lock";
			outputFileListPaths = (
			);
			outputPaths = (
				"$(DERIVED_FILE_DIR)/Pods-NotificationService-checkManifestLockResult.txt",
			);
			runOnlyForDeploymentPostprocessing = 0;
			shellPath = /bin/sh;
			shellScript = "diff \"${PODS_PODFILE_DIR_PATH}/Podfile.lock\" \"${PODS_ROOT}/Manifest.lock\" > /dev/null\nif [ $? != 0 ] ; then\n    # print error to STDERR\n    echo \"error: The sandbox is not in sync with the Podfile.lock. Run 'pod install' or update your CocoaPods installation.\" >&2\n    exit 1\nfi\n# This output is used by Xcode 'outputs' to avoid re-running this script phase.\necho \"SUCCESS\" > \"${SCRIPT_OUTPUT_FILE_0}\"\n";
			showEnvVarsInLog = 0;
		};
		E9DB0C5A2454301B9AC3C5A6 /* [CP] Embed Pods Frameworks */ = {
			isa = PBXShellScriptBuildPhase;
			buildActionMask = 2147483647;
			files = (
			);
			inputFileListPaths = (
				"${PODS_ROOT}/Target Support Files/Pods-ReadsSwift/Pods-ReadsSwift-frameworks-${CONFIGURATION}-input-files.xcfilelist",
			);
			name = "[CP] Embed Pods Frameworks";
			outputFileListPaths = (
				"${PODS_ROOT}/Target Support Files/Pods-ReadsSwift/Pods-ReadsSwift-frameworks-${CONFIGURATION}-output-files.xcfilelist",
			);
			runOnlyForDeploymentPostprocessing = 0;
			shellPath = /bin/sh;
			shellScript = "\"${PODS_ROOT}/Target Support Files/Pods-ReadsSwift/Pods-ReadsSwift-frameworks.sh\"\n";
			showEnvVarsInLog = 0;
		};
/* End PBXShellScriptBuildPhase section */

/* Begin PBXSourcesBuildPhase section */
		C338CFC72475477300DBBD21 /* Sources */ = {
			isa = PBXSourcesBuildPhase;
			buildActionMask = 2147483647;
			files = (
				C338CFCE2475477300DBBD21 /* NotificationService.swift in Sources */,
			);
			runOnlyForDeploymentPostprocessing = 0;
		};
		C344A8B52476CC730092650E /* Sources */ = {
			isa = PBXSourcesBuildPhase;
			buildActionMask = 2147483647;
			files = (
				C344A8BE2476CC730092650E /* NotificationViewController.swift in Sources */,
			);
			runOnlyForDeploymentPostprocessing = 0;
		};
		C38F1BB12472B6D800ACEBE1 /* Sources */ = {
			isa = PBXSourcesBuildPhase;
			buildActionMask = 2147483647;
			files = (
				C38F1BBD2472B6D800ACEBE1 /* SignInViewController.swift in Sources */,
				C38F1BB92472B6D800ACEBE1 /* AppDelegate.swift in Sources */,
				91B4075224C9B6E2005B55D6 /* CartViewController.swift in Sources */,
				C338CFE024757D4F00DBBD21 /* ProductDetailViewController.swift in Sources */,
				C338CFDC24756F8A00DBBD21 /* ProductTableViewCell.swift in Sources */,
				91F5CA52253581FA008C1C2A /* DebugTableViewCell.swift in Sources */,
				91F5CA5725358208008C1C2A /* DebugViewController.swift in Sources */,
				91F5C9BE25347598008C1C2A /* CartTableViewCell.swift in Sources */,
				91B4074B24C87870005B55D6 /* BlueshiftInAppNotificationEvents.swift in Sources */,
				916AC4B924B4371000E13B82 /* BaseViewController.swift in Sources */,
				C338CFDE24756FA400DBBD21 /* ProductListViewController.swift in Sources */,
				C338CFDA24756AC300DBBD21 /* Utils.swift in Sources */,
				91B4074D24C879A0005B55D6 /* BlueshiftPushNotificationEvents.swift in Sources */,
			);
			runOnlyForDeploymentPostprocessing = 0;
		};
/* End PBXSourcesBuildPhase section */

/* Begin PBXTargetDependency section */
		C338CFD12475477300DBBD21 /* PBXTargetDependency */ = {
			isa = PBXTargetDependency;
			target = C338CFCA2475477300DBBD21 /* NotificationService */;
			targetProxy = C338CFD02475477300DBBD21 /* PBXContainerItemProxy */;
		};
		C344A8C42476CC730092650E /* PBXTargetDependency */ = {
			isa = PBXTargetDependency;
			target = C344A8B82476CC730092650E /* NotificationContent */;
			targetProxy = C344A8C32476CC730092650E /* PBXContainerItemProxy */;
		};
/* End PBXTargetDependency section */

/* Begin PBXVariantGroup section */
		C344A8BF2476CC730092650E /* MainInterface.storyboard */ = {
			isa = PBXVariantGroup;
			children = (
				C344A8C02476CC730092650E /* Base */,
			);
			name = MainInterface.storyboard;
			sourceTree = "<group>";
		};
		C38F1BBE2472B6D800ACEBE1 /* Main.storyboard */ = {
			isa = PBXVariantGroup;
			children = (
				C38F1BBF2472B6D800ACEBE1 /* Base */,
			);
			name = Main.storyboard;
			sourceTree = "<group>";
		};
		C38F1BC32472B6D900ACEBE1 /* LaunchScreen.storyboard */ = {
			isa = PBXVariantGroup;
			children = (
				C38F1BC42472B6D900ACEBE1 /* Base */,
			);
			name = LaunchScreen.storyboard;
			sourceTree = "<group>";
		};
/* End PBXVariantGroup section */

/* Begin XCBuildConfiguration section */
		C338CFD42475477300DBBD21 /* Debug */ = {
			isa = XCBuildConfiguration;
			baseConfigurationReference = C1A844AC88E1F8641C0FA06A /* Pods-NotificationService.debug.xcconfig */;
			buildSettings = {
				CODE_SIGN_ENTITLEMENTS = NotificationService/NotificationService.entitlements;
				CODE_SIGN_STYLE = Automatic;
				DEVELOPMENT_TEAM = 9YR8UTRCDU;
				INFOPLIST_FILE = NotificationService/Info.plist;
				LD_RUNPATH_SEARCH_PATHS = (
					"$(inherited)",
					"@executable_path/Frameworks",
					"@executable_path/../../Frameworks",
				);
				MARKETING_VERSION = 1.0.3;
				PRODUCT_BUNDLE_IDENTIFIER = com.blueshift.reads.notificationService;
				PRODUCT_NAME = "$(TARGET_NAME)";
				SKIP_INSTALL = YES;
				SWIFT_VERSION = 5.0;
				TARGETED_DEVICE_FAMILY = "1,2";
			};
			name = Debug;
		};
		C338CFD52475477300DBBD21 /* Release */ = {
			isa = XCBuildConfiguration;
			baseConfigurationReference = CB0C6DC6F44C00D1620DCC7A /* Pods-NotificationService.release.xcconfig */;
			buildSettings = {
				CODE_SIGN_ENTITLEMENTS = NotificationService/NotificationService.entitlements;
				CODE_SIGN_STYLE = Automatic;
				DEVELOPMENT_TEAM = 9YR8UTRCDU;
				INFOPLIST_FILE = NotificationService/Info.plist;
				LD_RUNPATH_SEARCH_PATHS = (
					"$(inherited)",
					"@executable_path/Frameworks",
					"@executable_path/../../Frameworks",
				);
				MARKETING_VERSION = 1.0.3;
				PRODUCT_BUNDLE_IDENTIFIER = com.blueshift.reads.notificationService;
				PRODUCT_NAME = "$(TARGET_NAME)";
				SKIP_INSTALL = YES;
				SWIFT_VERSION = 5.0;
				TARGETED_DEVICE_FAMILY = "1,2";
			};
			name = Release;
		};
		C344A8C72476CC730092650E /* Debug */ = {
			isa = XCBuildConfiguration;
			baseConfigurationReference = 7BEA12E0591AAFE890EDB898 /* Pods-NotificationContent.debug.xcconfig */;
			buildSettings = {
				CODE_SIGN_ENTITLEMENTS = NotificationContent/NotificationContent.entitlements;
				CODE_SIGN_STYLE = Automatic;
				DEVELOPMENT_TEAM = 9YR8UTRCDU;
				INFOPLIST_FILE = NotificationContent/Info.plist;
				LD_RUNPATH_SEARCH_PATHS = (
					"$(inherited)",
					"@executable_path/Frameworks",
					"@executable_path/../../Frameworks",
				);
				MARKETING_VERSION = 1.0.3;
				PRODUCT_BUNDLE_IDENTIFIER = com.blueshift.reads.notificationContent;
				PRODUCT_NAME = "$(TARGET_NAME)";
				SKIP_INSTALL = YES;
				SWIFT_OBJC_BRIDGING_HEADER = "";
				SWIFT_VERSION = 5.0;
				TARGETED_DEVICE_FAMILY = "1,2";
			};
			name = Debug;
		};
		C344A8C82476CC730092650E /* Release */ = {
			isa = XCBuildConfiguration;
			baseConfigurationReference = FA55BD8878390D441BFB366F /* Pods-NotificationContent.release.xcconfig */;
			buildSettings = {
				CODE_SIGN_ENTITLEMENTS = NotificationContent/NotificationContent.entitlements;
				CODE_SIGN_STYLE = Automatic;
				DEVELOPMENT_TEAM = 9YR8UTRCDU;
				INFOPLIST_FILE = NotificationContent/Info.plist;
				LD_RUNPATH_SEARCH_PATHS = (
					"$(inherited)",
					"@executable_path/Frameworks",
					"@executable_path/../../Frameworks",
				);
				MARKETING_VERSION = 1.0.3;
				PRODUCT_BUNDLE_IDENTIFIER = com.blueshift.reads.notificationContent;
				PRODUCT_NAME = "$(TARGET_NAME)";
				SKIP_INSTALL = YES;
				SWIFT_OBJC_BRIDGING_HEADER = "";
				SWIFT_VERSION = 5.0;
				TARGETED_DEVICE_FAMILY = "1,2";
			};
			name = Release;
		};
		C37B37102488CA7700AC3006 /* Red */ = {
			isa = XCBuildConfiguration;
			buildSettings = {
				ALWAYS_SEARCH_USER_PATHS = NO;
				CLANG_ANALYZER_NONNULL = YES;
				CLANG_ANALYZER_NUMBER_OBJECT_CONVERSION = YES_AGGRESSIVE;
				CLANG_CXX_LANGUAGE_STANDARD = "gnu++14";
				CLANG_CXX_LIBRARY = "libc++";
				CLANG_ENABLE_MODULES = YES;
				CLANG_ENABLE_OBJC_ARC = YES;
				CLANG_ENABLE_OBJC_WEAK = YES;
				CLANG_WARN_BLOCK_CAPTURE_AUTORELEASING = YES;
				CLANG_WARN_BOOL_CONVERSION = YES;
				CLANG_WARN_COMMA = YES;
				CLANG_WARN_CONSTANT_CONVERSION = YES;
				CLANG_WARN_DEPRECATED_OBJC_IMPLEMENTATIONS = YES;
				CLANG_WARN_DIRECT_OBJC_ISA_USAGE = YES_ERROR;
				CLANG_WARN_DOCUMENTATION_COMMENTS = YES;
				CLANG_WARN_EMPTY_BODY = YES;
				CLANG_WARN_ENUM_CONVERSION = YES;
				CLANG_WARN_INFINITE_RECURSION = YES;
				CLANG_WARN_INT_CONVERSION = YES;
				CLANG_WARN_NON_LITERAL_NULL_CONVERSION = YES;
				CLANG_WARN_OBJC_IMPLICIT_RETAIN_SELF = YES;
				CLANG_WARN_OBJC_LITERAL_CONVERSION = YES;
				CLANG_WARN_OBJC_ROOT_CLASS = YES_ERROR;
				CLANG_WARN_RANGE_LOOP_ANALYSIS = YES;
				CLANG_WARN_STRICT_PROTOTYPES = YES;
				CLANG_WARN_SUSPICIOUS_MOVE = YES;
				CLANG_WARN_UNGUARDED_AVAILABILITY = YES_AGGRESSIVE;
				CLANG_WARN_UNREACHABLE_CODE = YES;
				CLANG_WARN__DUPLICATE_METHOD_MATCH = YES;
				COPY_PHASE_STRIP = NO;
				DEBUG_INFORMATION_FORMAT = dwarf;
				ENABLE_STRICT_OBJC_MSGSEND = YES;
				ENABLE_TESTABILITY = YES;
				GCC_C_LANGUAGE_STANDARD = gnu11;
				GCC_DYNAMIC_NO_PIC = NO;
				GCC_NO_COMMON_BLOCKS = YES;
				GCC_OPTIMIZATION_LEVEL = 0;
				GCC_PREPROCESSOR_DEFINITIONS = (
					"DEBUG=1",
					"$(inherited)",
				);
				GCC_WARN_64_TO_32_BIT_CONVERSION = YES;
				GCC_WARN_ABOUT_RETURN_TYPE = YES_ERROR;
				GCC_WARN_UNDECLARED_SELECTOR = YES;
				GCC_WARN_UNINITIALIZED_AUTOS = YES_AGGRESSIVE;
				GCC_WARN_UNUSED_FUNCTION = YES;
				GCC_WARN_UNUSED_VARIABLE = YES;
				IPHONEOS_DEPLOYMENT_TARGET = 14.0;
				MTL_ENABLE_DEBUG_INFO = INCLUDE_SOURCE;
				MTL_FAST_MATH = YES;
				ONLY_ACTIVE_ARCH = YES;
				SDKROOT = iphoneos;
				SWIFT_ACTIVE_COMPILATION_CONDITIONS = DEBUG;
				SWIFT_COMPILATION_MODE = wholemodule;
				SWIFT_INCLUDE_PATHS = "";
				SWIFT_OPTIMIZATION_LEVEL = "-Onone";
			};
			name = Red;
		};
		C37B37112488CA7700AC3006 /* Red */ = {
			isa = XCBuildConfiguration;
			baseConfigurationReference = DF6646B6B2678180D7B88AFD /* Pods-ReadsSwift.red.xcconfig */;
			buildSettings = {
				ALWAYS_EMBED_SWIFT_STANDARD_LIBRARIES = YES;
				ASSETCATALOG_COMPILER_APPICON_NAME = AppIconRed;
				CODE_SIGN_ALLOW_ENTITLEMENTS_MODIFICATION = YES;
				CODE_SIGN_ENTITLEMENTS = ReadsSwift/ReadsSwift.entitlements;
				CODE_SIGN_STYLE = Automatic;
				DEVELOPMENT_TEAM = 9YR8UTRCDU;
				HEADER_SEARCH_PATHS = (
					"$(inherited)",
					"\"${PODS_ROOT}/Headers/Public\"",
					"\"${PODS_ROOT}/Headers/Public/BlueShift-iOS-SDK\"",
				);
				INFOPLIST_FILE = ReadsSwift/Info.plist;
				IPHONEOS_DEPLOYMENT_TARGET = 13.0;
				LD_RUNPATH_SEARCH_PATHS = (
					"$(inherited)",
					"@executable_path/Frameworks",
				);
				MARKETING_VERSION = 1.0.5;
				PRODUCT_BUNDLE_IDENTIFIER = com.blueshift.reads.red;
				PRODUCT_NAME = "Blueshift Red";
				SWIFT_COMPILATION_MODE = wholemodule;
				SWIFT_VERSION = 5.0;
				TARGETED_DEVICE_FAMILY = "1,2";
				WHITELABEL_TYPE = Red;
			};
			name = Red;
		};
		C37B37122488CA7700AC3006 /* Red */ = {
			isa = XCBuildConfiguration;
			baseConfigurationReference = C9BE518B875F9A53A02EDA50 /* Pods-NotificationService.red.xcconfig */;
			buildSettings = {
				CODE_SIGN_ENTITLEMENTS = NotificationService/NotificationService.entitlements;
				CODE_SIGN_STYLE = Automatic;
				DEVELOPMENT_TEAM = 9YR8UTRCDU;
				INFOPLIST_FILE = NotificationService/Info.plist;
				LD_RUNPATH_SEARCH_PATHS = (
					"$(inherited)",
					"@executable_path/Frameworks",
					"@executable_path/../../Frameworks",
				);
				MARKETING_VERSION = 1.0.3;
				PRODUCT_BUNDLE_IDENTIFIER = com.blueshift.reads.red.notificationService;
				PRODUCT_MODULE_NAME = "$(PRODUCT_NAME:c99extidentifier)";
				PRODUCT_NAME = "$(TARGET_NAME)";
				SKIP_INSTALL = YES;
				SWIFT_VERSION = 5.0;
				TARGETED_DEVICE_FAMILY = "1,2";
			};
			name = Red;
		};
		C37B37132488CA7700AC3006 /* Red */ = {
			isa = XCBuildConfiguration;
			baseConfigurationReference = A66006DC2713EA7227E42F1B /* Pods-NotificationContent.red.xcconfig */;
			buildSettings = {
				CODE_SIGN_ENTITLEMENTS = NotificationContent/NotificationContent.entitlements;
				CODE_SIGN_STYLE = Automatic;
				DEVELOPMENT_TEAM = 9YR8UTRCDU;
				INFOPLIST_FILE = NotificationContent/Info.plist;
				LD_RUNPATH_SEARCH_PATHS = (
					"$(inherited)",
					"@executable_path/Frameworks",
					"@executable_path/../../Frameworks",
				);
				MARKETING_VERSION = 1.0.3;
				PRODUCT_BUNDLE_IDENTIFIER = com.blueshift.reads.red.notificationContent;
				PRODUCT_NAME = "$(TARGET_NAME)";
				SKIP_INSTALL = YES;
				SWIFT_OBJC_BRIDGING_HEADER = "";
				SWIFT_VERSION = 5.0;
				TARGETED_DEVICE_FAMILY = "1,2";
			};
			name = Red;
		};
		C38F1BC72472B6D900ACEBE1 /* Debug */ = {
			isa = XCBuildConfiguration;
			buildSettings = {
				ALWAYS_SEARCH_USER_PATHS = NO;
				CLANG_ANALYZER_NONNULL = YES;
				CLANG_ANALYZER_NUMBER_OBJECT_CONVERSION = YES_AGGRESSIVE;
				CLANG_CXX_LANGUAGE_STANDARD = "gnu++14";
				CLANG_CXX_LIBRARY = "libc++";
				CLANG_ENABLE_MODULES = YES;
				CLANG_ENABLE_OBJC_ARC = YES;
				CLANG_ENABLE_OBJC_WEAK = YES;
				CLANG_WARN_BLOCK_CAPTURE_AUTORELEASING = YES;
				CLANG_WARN_BOOL_CONVERSION = YES;
				CLANG_WARN_COMMA = YES;
				CLANG_WARN_CONSTANT_CONVERSION = YES;
				CLANG_WARN_DEPRECATED_OBJC_IMPLEMENTATIONS = YES;
				CLANG_WARN_DIRECT_OBJC_ISA_USAGE = YES_ERROR;
				CLANG_WARN_DOCUMENTATION_COMMENTS = YES;
				CLANG_WARN_EMPTY_BODY = YES;
				CLANG_WARN_ENUM_CONVERSION = YES;
				CLANG_WARN_INFINITE_RECURSION = YES;
				CLANG_WARN_INT_CONVERSION = YES;
				CLANG_WARN_NON_LITERAL_NULL_CONVERSION = YES;
				CLANG_WARN_OBJC_IMPLICIT_RETAIN_SELF = YES;
				CLANG_WARN_OBJC_LITERAL_CONVERSION = YES;
				CLANG_WARN_OBJC_ROOT_CLASS = YES_ERROR;
				CLANG_WARN_RANGE_LOOP_ANALYSIS = YES;
				CLANG_WARN_STRICT_PROTOTYPES = YES;
				CLANG_WARN_SUSPICIOUS_MOVE = YES;
				CLANG_WARN_UNGUARDED_AVAILABILITY = YES_AGGRESSIVE;
				CLANG_WARN_UNREACHABLE_CODE = YES;
				CLANG_WARN__DUPLICATE_METHOD_MATCH = YES;
				COPY_PHASE_STRIP = NO;
				DEBUG_INFORMATION_FORMAT = dwarf;
				ENABLE_STRICT_OBJC_MSGSEND = YES;
				ENABLE_TESTABILITY = YES;
				GCC_C_LANGUAGE_STANDARD = gnu11;
				GCC_DYNAMIC_NO_PIC = NO;
				GCC_NO_COMMON_BLOCKS = YES;
				GCC_OPTIMIZATION_LEVEL = 0;
				GCC_PREPROCESSOR_DEFINITIONS = (
					"DEBUG=1",
					"$(inherited)",
				);
				GCC_WARN_64_TO_32_BIT_CONVERSION = YES;
				GCC_WARN_ABOUT_RETURN_TYPE = YES_ERROR;
				GCC_WARN_UNDECLARED_SELECTOR = YES;
				GCC_WARN_UNINITIALIZED_AUTOS = YES_AGGRESSIVE;
				GCC_WARN_UNUSED_FUNCTION = YES;
				GCC_WARN_UNUSED_VARIABLE = YES;
				IPHONEOS_DEPLOYMENT_TARGET = 14.0;
				MTL_ENABLE_DEBUG_INFO = INCLUDE_SOURCE;
				MTL_FAST_MATH = YES;
				ONLY_ACTIVE_ARCH = YES;
				SDKROOT = iphoneos;
				SWIFT_ACTIVE_COMPILATION_CONDITIONS = DEBUG;
				SWIFT_COMPILATION_MODE = wholemodule;
				SWIFT_INCLUDE_PATHS = "";
				SWIFT_OPTIMIZATION_LEVEL = "-Onone";
			};
			name = Debug;
		};
		C38F1BC82472B6D900ACEBE1 /* Release */ = {
			isa = XCBuildConfiguration;
			buildSettings = {
				ALWAYS_SEARCH_USER_PATHS = NO;
				CLANG_ANALYZER_NONNULL = YES;
				CLANG_ANALYZER_NUMBER_OBJECT_CONVERSION = YES_AGGRESSIVE;
				CLANG_CXX_LANGUAGE_STANDARD = "gnu++14";
				CLANG_CXX_LIBRARY = "libc++";
				CLANG_ENABLE_MODULES = YES;
				CLANG_ENABLE_OBJC_ARC = YES;
				CLANG_ENABLE_OBJC_WEAK = YES;
				CLANG_WARN_BLOCK_CAPTURE_AUTORELEASING = YES;
				CLANG_WARN_BOOL_CONVERSION = YES;
				CLANG_WARN_COMMA = YES;
				CLANG_WARN_CONSTANT_CONVERSION = YES;
				CLANG_WARN_DEPRECATED_OBJC_IMPLEMENTATIONS = YES;
				CLANG_WARN_DIRECT_OBJC_ISA_USAGE = YES_ERROR;
				CLANG_WARN_DOCUMENTATION_COMMENTS = YES;
				CLANG_WARN_EMPTY_BODY = YES;
				CLANG_WARN_ENUM_CONVERSION = YES;
				CLANG_WARN_INFINITE_RECURSION = YES;
				CLANG_WARN_INT_CONVERSION = YES;
				CLANG_WARN_NON_LITERAL_NULL_CONVERSION = YES;
				CLANG_WARN_OBJC_IMPLICIT_RETAIN_SELF = YES;
				CLANG_WARN_OBJC_LITERAL_CONVERSION = YES;
				CLANG_WARN_OBJC_ROOT_CLASS = YES_ERROR;
				CLANG_WARN_RANGE_LOOP_ANALYSIS = YES;
				CLANG_WARN_STRICT_PROTOTYPES = YES;
				CLANG_WARN_SUSPICIOUS_MOVE = YES;
				CLANG_WARN_UNGUARDED_AVAILABILITY = YES_AGGRESSIVE;
				CLANG_WARN_UNREACHABLE_CODE = YES;
				CLANG_WARN__DUPLICATE_METHOD_MATCH = YES;
				COPY_PHASE_STRIP = NO;
				DEBUG_INFORMATION_FORMAT = "dwarf-with-dsym";
				ENABLE_NS_ASSERTIONS = NO;
				ENABLE_STRICT_OBJC_MSGSEND = YES;
				GCC_C_LANGUAGE_STANDARD = gnu11;
				GCC_NO_COMMON_BLOCKS = YES;
				GCC_WARN_64_TO_32_BIT_CONVERSION = YES;
				GCC_WARN_ABOUT_RETURN_TYPE = YES_ERROR;
				GCC_WARN_UNDECLARED_SELECTOR = YES;
				GCC_WARN_UNINITIALIZED_AUTOS = YES_AGGRESSIVE;
				GCC_WARN_UNUSED_FUNCTION = YES;
				GCC_WARN_UNUSED_VARIABLE = YES;
				IPHONEOS_DEPLOYMENT_TARGET = 14.0;
				MTL_ENABLE_DEBUG_INFO = NO;
				MTL_FAST_MATH = YES;
				SDKROOT = iphoneos;
				SWIFT_COMPILATION_MODE = wholemodule;
				SWIFT_INCLUDE_PATHS = "";
				SWIFT_OPTIMIZATION_LEVEL = "-O";
				VALIDATE_PRODUCT = YES;
			};
			name = Release;
		};
		C38F1BCA2472B6D900ACEBE1 /* Debug */ = {
			isa = XCBuildConfiguration;
			baseConfigurationReference = 1E8D3600511FFCBBCAC4262B /* Pods-ReadsSwift.debug.xcconfig */;
			buildSettings = {
				ALWAYS_EMBED_SWIFT_STANDARD_LIBRARIES = YES;
				ASSETCATALOG_COMPILER_APPICON_NAME = AppIcon;
				CODE_SIGN_ALLOW_ENTITLEMENTS_MODIFICATION = YES;
				CODE_SIGN_ENTITLEMENTS = ReadsSwift/ReadsSwift.entitlements;
				CODE_SIGN_IDENTITY = "Apple Development";
				CODE_SIGN_STYLE = Automatic;
				DEVELOPMENT_TEAM = 9YR8UTRCDU;
				HEADER_SEARCH_PATHS = (
					"$(inherited)",
					"\"${PODS_ROOT}/Headers/Public\"",
					"\"${PODS_ROOT}/Headers/Public/BlueShift-iOS-SDK\"",
				);
				INFOPLIST_FILE = ReadsSwift/Info.plist;
				IPHONEOS_DEPLOYMENT_TARGET = 13.0;
				LD_RUNPATH_SEARCH_PATHS = (
					"$(inherited)",
					"@executable_path/Frameworks",
				);
				MARKETING_VERSION = 1.0.5;
				PRODUCT_BUNDLE_IDENTIFIER = com.blueshift.reads;
				PRODUCT_NAME = "Blueshift Reads";
				PROVISIONING_PROFILE_SPECIFIER = "";
				SWIFT_COMPILATION_MODE = wholemodule;
				"SWIFT_OBJC_BRIDGING_HEADER[arch=*]" = "";
				SWIFT_VERSION = 5.0;
				TARGETED_DEVICE_FAMILY = "1,2";
				WHITELABEL_TYPE = Blue;
			};
			name = Debug;
		};
		C38F1BCB2472B6D900ACEBE1 /* Release */ = {
			isa = XCBuildConfiguration;
			baseConfigurationReference = 3AA798B281ED285EDC39B078 /* Pods-ReadsSwift.release.xcconfig */;
			buildSettings = {
				ALWAYS_EMBED_SWIFT_STANDARD_LIBRARIES = YES;
				ASSETCATALOG_COMPILER_APPICON_NAME = AppIcon;
				CODE_SIGN_ALLOW_ENTITLEMENTS_MODIFICATION = YES;
				CODE_SIGN_ENTITLEMENTS = ReadsSwift/ReadsSwift.entitlements;
				CODE_SIGN_IDENTITY = "Apple Development";
				CODE_SIGN_STYLE = Automatic;
				DEVELOPMENT_TEAM = 9YR8UTRCDU;
				HEADER_SEARCH_PATHS = (
					"$(inherited)",
					"\"${PODS_ROOT}/Headers/Public\"",
					"\"${PODS_ROOT}/Headers/Public/BlueShift-iOS-SDK\"",
				);
				INFOPLIST_FILE = ReadsSwift/Info.plist;
				IPHONEOS_DEPLOYMENT_TARGET = 13.0;
				LD_RUNPATH_SEARCH_PATHS = (
					"$(inherited)",
					"@executable_path/Frameworks",
				);
				MARKETING_VERSION = 1.0.5;
				PRODUCT_BUNDLE_IDENTIFIER = com.blueshift.reads;
				PRODUCT_NAME = "Blueshift Reads";
				PROVISIONING_PROFILE_SPECIFIER = "";
				SWIFT_VERSION = 5.0;
				TARGETED_DEVICE_FAMILY = "1,2";
				WHITELABEL_TYPE = Blue;
			};
			name = Release;
		};
/* End XCBuildConfiguration section */

/* Begin XCConfigurationList section */
		C338CFD32475477300DBBD21 /* Build configuration list for PBXNativeTarget "NotificationService" */ = {
			isa = XCConfigurationList;
			buildConfigurations = (
				C338CFD42475477300DBBD21 /* Debug */,
				C37B37122488CA7700AC3006 /* Red */,
				C338CFD52475477300DBBD21 /* Release */,
			);
			defaultConfigurationIsVisible = 0;
			defaultConfigurationName = Release;
		};
		C344A8C62476CC730092650E /* Build configuration list for PBXNativeTarget "NotificationContent" */ = {
			isa = XCConfigurationList;
			buildConfigurations = (
				C344A8C72476CC730092650E /* Debug */,
				C37B37132488CA7700AC3006 /* Red */,
				C344A8C82476CC730092650E /* Release */,
			);
			defaultConfigurationIsVisible = 0;
			defaultConfigurationName = Release;
		};
		C38F1BB02472B6D800ACEBE1 /* Build configuration list for PBXProject "ReadsSwift" */ = {
			isa = XCConfigurationList;
			buildConfigurations = (
				C38F1BC72472B6D900ACEBE1 /* Debug */,
				C37B37102488CA7700AC3006 /* Red */,
				C38F1BC82472B6D900ACEBE1 /* Release */,
			);
			defaultConfigurationIsVisible = 0;
			defaultConfigurationName = Release;
		};
		C38F1BC92472B6D900ACEBE1 /* Build configuration list for PBXNativeTarget "ReadsSwift" */ = {
			isa = XCConfigurationList;
			buildConfigurations = (
				C38F1BCA2472B6D900ACEBE1 /* Debug */,
				C37B37112488CA7700AC3006 /* Red */,
				C38F1BCB2472B6D900ACEBE1 /* Release */,
			);
			defaultConfigurationIsVisible = 0;
			defaultConfigurationName = Release;
		};
/* End XCConfigurationList section */
	};
	rootObject = C38F1BAD2472B6D800ACEBE1 /* Project object */;
}
